
Microsoft Visual Studio Solution File, Format Version 12.00
# Visual Studio 15
VisualStudioVersion = 15.0.27004.2002
MinimumVisualStudioVersion = 10.0.40219.1
Project("{2150E333-8FDC-42A3-9474-1A3956D46DE8}") = "Engine", "Engine", "{EAF6D39E-E3DB-4738-89CF-0E3C6AD92166}"
EndProject
Project("{2150E333-8FDC-42A3-9474-1A3956D46DE8}") = "Games", "Games", "{D8BAD82B-4B48-45C9-8013-1060AE5E9D8F}"
EndProject
Project("{8BC9CEB8-8B4A-11D0-8D11-00A0C91BC942}") = "UE4", "Intermediate\ProjectFiles\UE4.vcxproj", "{EEAE63F5-80A3-4D7A-A6C5-B4D47884C6F9}"
EndProject
Project("{8BC9CEB8-8B4A-11D0-8D11-00A0C91BC942}") = "ShroommateProto", "Intermediate\ProjectFiles\ShroommateProto.vcxproj", "{E4FFEBD9-872C-4967-9602-8C013977AFCE}"
EndProject
Global
	GlobalSection(SolutionConfigurationPlatforms) = preSolution
		DebugGame Editor|HTML5 = DebugGame Editor|HTML5
		DebugGame Editor|Win32 = DebugGame Editor|Win32
		DebugGame Editor|Win64 = DebugGame Editor|Win64
		DebugGame|HTML5 = DebugGame|HTML5
		DebugGame|Win32 = DebugGame|Win32
		DebugGame|Win64 = DebugGame|Win64
		Development Editor|HTML5 = Development Editor|HTML5
		Development Editor|Win32 = Development Editor|Win32
		Development Editor|Win64 = Development Editor|Win64
		Development|HTML5 = Development|HTML5
		Development|Win32 = Development|Win32
		Development|Win64 = Development|Win64
		Shipping|HTML5 = Shipping|HTML5
		Shipping|Win32 = Shipping|Win32
		Shipping|Win64 = Shipping|Win64
	EndGlobalSection
	GlobalSection(ProjectConfigurationPlatforms) = postSolution
		{EEAE63F5-80A3-4D7A-A6C5-B4D47884C6F9}.DebugGame Editor|HTML5.ActiveCfg = BuiltWithUnrealBuildTool|Win32
		{EEAE63F5-80A3-4D7A-A6C5-B4D47884C6F9}.DebugGame Editor|HTML5.Build.0 = BuiltWithUnrealBuildTool|Win32
		{EEAE63F5-80A3-4D7A-A6C5-B4D47884C6F9}.DebugGame Editor|Win32.ActiveCfg = BuiltWithUnrealBuildTool|Win32
		{EEAE63F5-80A3-4D7A-A6C5-B4D47884C6F9}.DebugGame Editor|Win32.Build.0 = BuiltWithUnrealBuildTool|Win32
		{EEAE63F5-80A3-4D7A-A6C5-B4D47884C6F9}.DebugGame Editor|Win64.ActiveCfg = BuiltWithUnrealBuildTool|Win32
		{EEAE63F5-80A3-4D7A-A6C5-B4D47884C6F9}.DebugGame Editor|Win64.Build.0 = BuiltWithUnrealBuildTool|Win32
		{EEAE63F5-80A3-4D7A-A6C5-B4D47884C6F9}.DebugGame|HTML5.ActiveCfg = BuiltWithUnrealBuildTool|Win32
		{EEAE63F5-80A3-4D7A-A6C5-B4D47884C6F9}.DebugGame|HTML5.Build.0 = BuiltWithUnrealBuildTool|Win32
		{EEAE63F5-80A3-4D7A-A6C5-B4D47884C6F9}.DebugGame|Win32.ActiveCfg = BuiltWithUnrealBuildTool|Win32
		{EEAE63F5-80A3-4D7A-A6C5-B4D47884C6F9}.DebugGame|Win32.Build.0 = BuiltWithUnrealBuildTool|Win32
		{EEAE63F5-80A3-4D7A-A6C5-B4D47884C6F9}.DebugGame|Win64.ActiveCfg = BuiltWithUnrealBuildTool|Win32
		{EEAE63F5-80A3-4D7A-A6C5-B4D47884C6F9}.DebugGame|Win64.Build.0 = BuiltWithUnrealBuildTool|Win32
		{EEAE63F5-80A3-4D7A-A6C5-B4D47884C6F9}.Development Editor|HTML5.ActiveCfg = BuiltWithUnrealBuildTool|Win32
		{EEAE63F5-80A3-4D7A-A6C5-B4D47884C6F9}.Development Editor|HTML5.Build.0 = BuiltWithUnrealBuildTool|Win32
		{EEAE63F5-80A3-4D7A-A6C5-B4D47884C6F9}.Development Editor|Win32.ActiveCfg = BuiltWithUnrealBuildTool|Win32
		{EEAE63F5-80A3-4D7A-A6C5-B4D47884C6F9}.Development Editor|Win32.Build.0 = BuiltWithUnrealBuildTool|Win32
		{EEAE63F5-80A3-4D7A-A6C5-B4D47884C6F9}.Development Editor|Win64.ActiveCfg = BuiltWithUnrealBuildTool|Win32
		{EEAE63F5-80A3-4D7A-A6C5-B4D47884C6F9}.Development Editor|Win64.Build.0 = BuiltWithUnrealBuildTool|Win32
		{EEAE63F5-80A3-4D7A-A6C5-B4D47884C6F9}.Development|HTML5.ActiveCfg = BuiltWithUnrealBuildTool|Win32
		{EEAE63F5-80A3-4D7A-A6C5-B4D47884C6F9}.Development|HTML5.Build.0 = BuiltWithUnrealBuildTool|Win32
		{EEAE63F5-80A3-4D7A-A6C5-B4D47884C6F9}.Development|Win32.ActiveCfg = BuiltWithUnrealBuildTool|Win32
		{EEAE63F5-80A3-4D7A-A6C5-B4D47884C6F9}.Development|Win32.Build.0 = BuiltWithUnrealBuildTool|Win32
		{EEAE63F5-80A3-4D7A-A6C5-B4D47884C6F9}.Development|Win64.ActiveCfg = BuiltWithUnrealBuildTool|Win32
		{EEAE63F5-80A3-4D7A-A6C5-B4D47884C6F9}.Development|Win64.Build.0 = BuiltWithUnrealBuildTool|Win32
		{EEAE63F5-80A3-4D7A-A6C5-B4D47884C6F9}.Shipping|HTML5.ActiveCfg = BuiltWithUnrealBuildTool|Win32
		{EEAE63F5-80A3-4D7A-A6C5-B4D47884C6F9}.Shipping|HTML5.Build.0 = BuiltWithUnrealBuildTool|Win32
		{EEAE63F5-80A3-4D7A-A6C5-B4D47884C6F9}.Shipping|Win32.ActiveCfg = BuiltWithUnrealBuildTool|Win32
		{EEAE63F5-80A3-4D7A-A6C5-B4D47884C6F9}.Shipping|Win32.Build.0 = BuiltWithUnrealBuildTool|Win32
		{EEAE63F5-80A3-4D7A-A6C5-B4D47884C6F9}.Shipping|Win64.ActiveCfg = BuiltWithUnrealBuildTool|Win32
		{EEAE63F5-80A3-4D7A-A6C5-B4D47884C6F9}.Shipping|Win64.Build.0 = BuiltWithUnrealBuildTool|Win32
		{E4FFEBD9-872C-4967-9602-8C013977AFCE}.DebugGame Editor|HTML5.ActiveCfg = HTML5_DebugGame_Editor|Win32
		{E4FFEBD9-872C-4967-9602-8C013977AFCE}.DebugGame Editor|Win32.ActiveCfg = DebugGame_Editor|Win32
		{E4FFEBD9-872C-4967-9602-8C013977AFCE}.DebugGame Editor|Win64.ActiveCfg = DebugGame_Editor|x64
		{E4FFEBD9-872C-4967-9602-8C013977AFCE}.DebugGame Editor|Win64.Build.0 = DebugGame_Editor|x64
		{E4FFEBD9-872C-4967-9602-8C013977AFCE}.DebugGame|HTML5.ActiveCfg = HTML5_DebugGame_Game|Win32
		{E4FFEBD9-872C-4967-9602-8C013977AFCE}.DebugGame|HTML5.Build.0 = HTML5_DebugGame_Game|Win32
		{E4FFEBD9-872C-4967-9602-8C013977AFCE}.DebugGame|Win32.ActiveCfg = DebugGame_Game|Win32
		{E4FFEBD9-872C-4967-9602-8C013977AFCE}.DebugGame|Win32.Build.0 = DebugGame_Game|Win32
		{E4FFEBD9-872C-4967-9602-8C013977AFCE}.DebugGame|Win64.ActiveCfg = DebugGame_Game|x64
		{E4FFEBD9-872C-4967-9602-8C013977AFCE}.DebugGame|Win64.Build.0 = DebugGame_Game|x64
		{E4FFEBD9-872C-4967-9602-8C013977AFCE}.Development Editor|HTML5.ActiveCfg = HTML5_Development_Editor|Win32
		{E4FFEBD9-872C-4967-9602-8C013977AFCE}.Development Editor|Win32.ActiveCfg = Development_Editor|Win32
		{E4FFEBD9-872C-4967-9602-8C013977AFCE}.Development Editor|Win64.ActiveCfg = Development_Editor|x64
		{E4FFEBD9-872C-4967-9602-8C013977AFCE}.Development Editor|Win64.Build.0 = Development_Editor|x64
		{E4FFEBD9-872C-4967-9602-8C013977AFCE}.Development|HTML5.ActiveCfg = HTML5_Development_Game|Win32
		{E4FFEBD9-872C-4967-9602-8C013977AFCE}.Development|HTML5.Build.0 = HTML5_Development_Game|Win32
		{E4FFEBD9-872C-4967-9602-8C013977AFCE}.Development|Win32.ActiveCfg = Development_Game|Win32
		{E4FFEBD9-872C-4967-9602-8C013977AFCE}.Development|Win32.Build.0 = Development_Game|Win32
		{E4FFEBD9-872C-4967-9602-8C013977AFCE}.Development|Win64.ActiveCfg = Development_Game|x64
		{E4FFEBD9-872C-4967-9602-8C013977AFCE}.Development|Win64.Build.0 = Development_Game|x64
		{E4FFEBD9-872C-4967-9602-8C013977AFCE}.Shipping|HTML5.ActiveCfg = HTML5_Shipping_Game|Win32
		{E4FFEBD9-872C-4967-9602-8C013977AFCE}.Shipping|HTML5.Build.0 = HTML5_Shipping_Game|Win32
		{E4FFEBD9-872C-4967-9602-8C013977AFCE}.Shipping|Win32.ActiveCfg = Shipping_Game|Win32
		{E4FFEBD9-872C-4967-9602-8C013977AFCE}.Shipping|Win32.Build.0 = Shipping_Game|Win32
		{E4FFEBD9-872C-4967-9602-8C013977AFCE}.Shipping|Win64.ActiveCfg = Shipping_Game|x64
		{E4FFEBD9-872C-4967-9602-8C013977AFCE}.Shipping|Win64.Build.0 = Shipping_Game|x64
	EndGlobalSection
	GlobalSection(SolutionProperties) = preSolution
		HideSolutionNode = FALSE
	EndGlobalSection
	GlobalSection(NestedProjects) = preSolution
		{EEAE63F5-80A3-4D7A-A6C5-B4D47884C6F9} = {EAF6D39E-E3DB-4738-89CF-0E3C6AD92166}
		{E4FFEBD9-872C-4967-9602-8C013977AFCE} = {D8BAD82B-4B48-45C9-8013-1060AE5E9D8F}
	EndGlobalSection
	GlobalSection(ExtensibilityGlobals) = postSolution
		SolutionGuid = {77468415-437F-4E08-9A64-45D8028ED15F}
	EndGlobalSection
EndGlobal
